<Solution>
  <Project Path="UniTask.csproj" />
  <Project Path="UniTask.Linq.csproj" />
  <Project Path="Unity.PlayerPrefsEditor.Editor.csproj" />
  <Project Path="UniTask.Addressables.csproj" />
  <Project Path="DOTween.Modules.csproj" />
  <Project Path="UniTask.TextMeshPro.csproj" />
  <Project Path="Assembly-CSharp-Editor.csproj" />
  <Project Path="CustomPlayButton.Editor.csproj" />
  <Project Path="DOTweenPro.EditorScripts.csproj" />
  <Project Path="DOTweenPro.Scripts.csproj" />
  <Project Path="UniTask.Editor.csproj" />
  <Project Path="Assembly-CSharp.csproj" />
  <Project Path="UniTask.DOTween.csproj" />
  <Project Path="Unity.PlayerPrefsEditor.EditorResources.csproj" />
  <Project Path="ToolbarExtender.Editor.csproj" />
  <Project Path="Unity.PlayerPrefsEditor.Samples.SampleScene.csproj" />
</Solution>
